
Microsoft Visual Studio Solution File, Format Version 12.00
# Visual Studio Version 17
VisualStudioVersion = 17.0.32112.339
MinimumVisualStudioVersion = 10.0.40219.1
Project("{9A19103F-16F7-4668-BE54-9A1E7A4F7556}") = "Mood_Analyzer_With_MSTest", "Mood_Analyzer_With_MSTest.csproj", "{CC6DB942-CA92-4662-BF6A-9813D230F4BA}"
EndProject
Project("{FAE04EC0-301F-11D3-BF4B-00C04F79EFBC}") = "TestCase1.1", "..\TestCase1.1\TestCase1.1.csproj", "{F9A81C69-F005-431B-974C-C18EB7BD7D9D}"
EndProject
Global
	GlobalSection(SolutionConfigurationPlatforms) = preSolution
		Debug|Any CPU = Debug|Any CPU
		Release|Any CPU = Release|Any CPU
	EndGlobalSection
	GlobalSection(ProjectConfigurationPlatforms) = postSolution
		{CC6DB942-CA92-4662-BF6A-9813D230F4BA}.Debug|Any CPU.ActiveCfg = Debug|Any CPU
		{CC6DB942-CA92-4662-BF6A-9813D230F4BA}.Debug|Any CPU.Build.0 = Debug|Any CPU
		{CC6DB942-CA92-4662-BF6A-9813D230F4BA}.Release|Any CPU.ActiveCfg = Release|Any CPU
		{CC6DB942-CA92-4662-BF6A-9813D230F4BA}.Release|Any CPU.Build.0 = Release|Any CPU
		{F9A81C69-F005-431B-974C-C18EB7BD7D9D}.Debug|Any CPU.ActiveCfg = Debug|Any CPU
		{F9A81C69-F005-431B-974C-C18EB7BD7D9D}.Debug|Any CPU.Build.0 = Debug|Any CPU
		{F9A81C69-F005-431B-974C-C18EB7BD7D9D}.Release|Any CPU.ActiveCfg = Release|Any CPU
		{F9A81C69-F005-431B-974C-C18EB7BD7D9D}.Release|Any CPU.Build.0 = Release|Any CPU
	EndGlobalSection
	GlobalSection(SolutionProperties) = preSolution
		HideSolutionNode = FALSE
	EndGlobalSection
	GlobalSection(ExtensibilityGlobals) = postSolution
		SolutionGuid = {A34B0E7D-861A-4848-851C-D532B0BA6540}
	EndGlobalSection
EndGlobal
